
Microsoft Visual Studio Solution File, Format Version 12.00
# Visual Studio Version 16
VisualStudioVersion = 16.0.30717.126
MinimumVisualStudioVersion = 10.0.40219.1
Project("{FAE04EC0-301F-11D3-BF4B-00C04F79EFBC}") = "Herança", "Herança\Herança.csproj", "{C1842B36-187B-48F7-88F8-C85F58F6251E}"
EndProject
Global
	GlobalSection(SolutionConfigurationPlatforms) = preSolution
		Debug|Any CPU = Debug|Any CPU
		Release|Any CPU = Release|Any CPU
	EndGlobalSection
	GlobalSection(ProjectConfigurationPlatforms) = postSolution
		{C1842B36-187B-48F7-88F8-C85F58F6251E}.Debug|Any CPU.ActiveCfg = Debug|Any CPU
		{C1842B36-187B-48F7-88F8-C85F58F6251E}.Debug|Any CPU.Build.0 = Debug|Any CPU
		{C1842B36-187B-48F7-88F8-C85F58F6251E}.Release|Any CPU.ActiveCfg = Release|Any CPU
		{C1842B36-187B-48F7-88F8-C85F58F6251E}.Release|Any CPU.Build.0 = Release|Any CPU
	EndGlobalSection
	GlobalSection(SolutionProperties) = preSolution
		HideSolutionNode = FALSE
	EndGlobalSection
	GlobalSection(ExtensibilityGlobals) = postSolution
		SolutionGuid = {90BF56C1-AEBB-45DF-88D7-8348C0F47620}
	EndGlobalSection
EndGlobal
